// !$*UTF8*$!
{
	archiveVersion = 1;
	classes = {
	};
	objectVersion = 55;
	objects = {

/* Begin PBXBuildFile section */
		478D0740616A88EB0ECF96D6 /* Pods_KoinzTask_KoinzTaskUITests.framework in Frameworks */ = {isa = PBXBuildFile; fileRef = 74B53D6D2ABC63101908BDC6 /* Pods_KoinzTask_KoinzTaskUITests.framework */; };
		752E67E35D83713D6859B197 /* Pods_KoinzTaskTests.framework in Frameworks */ = {isa = PBXBuildFile; fileRef = ABF5C443D636FDD0F988F922 /* Pods_KoinzTaskTests.framework */; };
		8B3A0AF72833D651009A2F84 /* AppDelegate.swift in Sources */ = {isa = PBXBuildFile; fileRef = 8B3A0AF62833D651009A2F84 /* AppDelegate.swift */; };
		8B3A0AF92833D651009A2F84 /* SceneDelegate.swift in Sources */ = {isa = PBXBuildFile; fileRef = 8B3A0AF82833D651009A2F84 /* SceneDelegate.swift */; };
		8B3A0AFB2833D651009A2F84 /* ViewController.swift in Sources */ = {isa = PBXBuildFile; fileRef = 8B3A0AFA2833D651009A2F84 /* ViewController.swift */; };
		8B3A0AFE2833D651009A2F84 /* Main.storyboard in Resources */ = {isa = PBXBuildFile; fileRef = 8B3A0AFC2833D651009A2F84 /* Main.storyboard */; };
		8B3A0B002833D652009A2F84 /* Assets.xcassets in Resources */ = {isa = PBXBuildFile; fileRef = 8B3A0AFF2833D652009A2F84 /* Assets.xcassets */; };
		8B3A0B032833D652009A2F84 /* LaunchScreen.storyboard in Resources */ = {isa = PBXBuildFile; fileRef = 8B3A0B012833D652009A2F84 /* LaunchScreen.storyboard */; };
		8B3A0B0E2833D652009A2F84 /* KoinzTaskTests.swift in Sources */ = {isa = PBXBuildFile; fileRef = 8B3A0B0D2833D652009A2F84 /* KoinzTaskTests.swift */; };
		8B3A0B182833D652009A2F84 /* KoinzTaskUITests.swift in Sources */ = {isa = PBXBuildFile; fileRef = 8B3A0B172833D652009A2F84 /* KoinzTaskUITests.swift */; };
		8B3A0B1A2833D652009A2F84 /* KoinzTaskUITestsLaunchTests.swift in Sources */ = {isa = PBXBuildFile; fileRef = 8B3A0B192833D652009A2F84 /* KoinzTaskUITestsLaunchTests.swift */; };
		E6B8C0032962090784749E0D /* Pods_KoinzTask.framework in Frameworks */ = {isa = PBXBuildFile; fileRef = 045369A456FAA0BA5051443C /* Pods_KoinzTask.framework */; };
/* End PBXBuildFile section */

/* Begin PBXContainerItemProxy section */
		8B3A0B0A2833D652009A2F84 /* PBXContainerItemProxy */ = {
			isa = PBXContainerItemProxy;
			containerPortal = 8B3A0AEB2833D651009A2F84 /* Project object */;
			proxyType = 1;
			remoteGlobalIDString = 8B3A0AF22833D651009A2F84;
			remoteInfo = KoinzTask;
		};
		8B3A0B142833D652009A2F84 /* PBXContainerItemProxy */ = {
			isa = PBXContainerItemProxy;
			containerPortal = 8B3A0AEB2833D651009A2F84 /* Project object */;
			proxyType = 1;
			remoteGlobalIDString = 8B3A0AF22833D651009A2F84;
			remoteInfo = KoinzTask;
		};
/* End PBXContainerItemProxy section */

/* Begin PBXFileReference section */
		045369A456FAA0BA5051443C /* Pods_KoinzTask.framework */ = {isa = PBXFileReference; explicitFileType = wrapper.framework; includeInIndex = 0; path = Pods_KoinzTask.framework; sourceTree = BUILT_PRODUCTS_DIR; };
		5FA880846E381A2A26255E1A /* Pods-KoinzTask-KoinzTaskUITests.debug.xcconfig */ = {isa = PBXFileReference; includeInIndex = 1; lastKnownFileType = text.xcconfig; name = "Pods-KoinzTask-KoinzTaskUITests.debug.xcconfig"; path = "Target Support Files/Pods-KoinzTask-KoinzTaskUITests/Pods-KoinzTask-KoinzTaskUITests.debug.xcconfig"; sourceTree = "<group>"; };
		74B53D6D2ABC63101908BDC6 /* Pods_KoinzTask_KoinzTaskUITests.framework */ = {isa = PBXFileReference; explicitFileType = wrapper.framework; includeInIndex = 0; path = Pods_KoinzTask_KoinzTaskUITests.framework; sourceTree = BUILT_PRODUCTS_DIR; };
		8407CFBD1604A016DD800099 /* Pods-KoinzTaskTests.debug.xcconfig */ = {isa = PBXFileReference; includeInIndex = 1; lastKnownFileType = text.xcconfig; name = "Pods-KoinzTaskTests.debug.xcconfig"; path = "Target Support Files/Pods-KoinzTaskTests/Pods-KoinzTaskTests.debug.xcconfig"; sourceTree = "<group>"; };
		8B3A0AF32833D651009A2F84 /* KoinzTask.app */ = {isa = PBXFileReference; explicitFileType = wrapper.application; includeInIndex = 0; path = KoinzTask.app; sourceTree = BUILT_PRODUCTS_DIR; };
		8B3A0AF62833D651009A2F84 /* AppDelegate.swift */ = {isa = PBXFileReference; lastKnownFileType = sourcecode.swift; path = AppDelegate.swift; sourceTree = "<group>"; };
		8B3A0AF82833D651009A2F84 /* SceneDelegate.swift */ = {isa = PBXFileReference; lastKnownFileType = sourcecode.swift; path = SceneDelegate.swift; sourceTree = "<group>"; };
		8B3A0AFA2833D651009A2F84 /* ViewController.swift */ = {isa = PBXFileReference; lastKnownFileType = sourcecode.swift; path = ViewController.swift; sourceTree = "<group>"; };
		8B3A0AFD2833D651009A2F84 /* Base */ = {isa = PBXFileReference; lastKnownFileType = file.storyboard; name = Base; path = Base.lproj/Main.storyboard; sourceTree = "<group>"; };
		8B3A0AFF2833D652009A2F84 /* Assets.xcassets */ = {isa = PBXFileReference; lastKnownFileType = folder.assetcatalog; path = Assets.xcassets; sourceTree = "<group>"; };
		8B3A0B022833D652009A2F84 /* Base */ = {isa = PBXFileReference; lastKnownFileType = file.storyboard; name = Base; path = Base.lproj/LaunchScreen.storyboard; sourceTree = "<group>"; };
		8B3A0B042833D652009A2F84 /* Info.plist */ = {isa = PBXFileReference; lastKnownFileType = text.plist.xml; path = Info.plist; sourceTree = "<group>"; };
		8B3A0B092833D652009A2F84 /* KoinzTaskTests.xctest */ = {isa = PBXFileReference; explicitFileType = wrapper.cfbundle; includeInIndex = 0; path = KoinzTaskTests.xctest; sourceTree = BUILT_PRODUCTS_DIR; };
		8B3A0B0D2833D652009A2F84 /* KoinzTaskTests.swift */ = {isa = PBXFileReference; lastKnownFileType = sourcecode.swift; path = KoinzTaskTests.swift; sourceTree = "<group>"; };
		8B3A0B132833D652009A2F84 /* KoinzTaskUITests.xctest */ = {isa = PBXFileReference; explicitFileType = wrapper.cfbundle; includeInIndex = 0; path = KoinzTaskUITests.xctest; sourceTree = BUILT_PRODUCTS_DIR; };
		8B3A0B172833D652009A2F84 /* KoinzTaskUITests.swift */ = {isa = PBXFileReference; lastKnownFileType = sourcecode.swift; path = KoinzTaskUITests.swift; sourceTree = "<group>"; };
		8B3A0B192833D652009A2F84 /* KoinzTaskUITestsLaunchTests.swift */ = {isa = PBXFileReference; lastKnownFileType = sourcecode.swift; path = KoinzTaskUITestsLaunchTests.swift; sourceTree = "<group>"; };
		8FB722E043983F1531C42AF1 /* Pods-KoinzTask.debug.xcconfig */ = {isa = PBXFileReference; includeInIndex = 1; lastKnownFileType = text.xcconfig; name = "Pods-KoinzTask.debug.xcconfig"; path = "Target Support Files/Pods-KoinzTask/Pods-KoinzTask.debug.xcconfig"; sourceTree = "<group>"; };
		928ACA9A95EA71E2ED9B8CD4 /* Pods-KoinzTask-KoinzTaskUITests.release.xcconfig */ = {isa = PBXFileReference; includeInIndex = 1; lastKnownFileType = text.xcconfig; name = "Pods-KoinzTask-KoinzTaskUITests.release.xcconfig"; path = "Target Support Files/Pods-KoinzTask-KoinzTaskUITests/Pods-KoinzTask-KoinzTaskUITests.release.xcconfig"; sourceTree = "<group>"; };
		99181D2C2646EEA8022CA3E4 /* Pods-KoinzTaskTests.release.xcconfig */ = {isa = PBXFileReference; includeInIndex = 1; lastKnownFileType = text.xcconfig; name = "Pods-KoinzTaskTests.release.xcconfig"; path = "Target Support Files/Pods-KoinzTaskTests/Pods-KoinzTaskTests.release.xcconfig"; sourceTree = "<group>"; };
		ABF5C443D636FDD0F988F922 /* Pods_KoinzTaskTests.framework */ = {isa = PBXFileReference; explicitFileType = wrapper.framework; includeInIndex = 0; path = Pods_KoinzTaskTests.framework; sourceTree = BUILT_PRODUCTS_DIR; };
		E024C01AE0DF212CEC982225 /* Pods-KoinzTask.release.xcconfig */ = {isa = PBXFileReference; includeInIndex = 1; lastKnownFileType = text.xcconfig; name = "Pods-KoinzTask.release.xcconfig"; path = "Target Support Files/Pods-KoinzTask/Pods-KoinzTask.release.xcconfig"; sourceTree = "<group>"; };
/* End PBXFileReference section */

/* Begin PBXFrameworksBuildPhase section */
		8B3A0AF02833D651009A2F84 /* Frameworks */ = {
			isa = PBXFrameworksBuildPhase;
			buildActionMask = 2147483647;
			files = (
				E6B8C0032962090784749E0D /* Pods_KoinzTask.framework in Frameworks */,
			);
			runOnlyForDeploymentPostprocessing = 0;
		};
		8B3A0B062833D652009A2F84 /* Frameworks */ = {
			isa = PBXFrameworksBuildPhase;
			buildActionMask = 2147483647;
			files = (
				752E67E35D83713D6859B197 /* Pods_KoinzTaskTests.framework in Frameworks */,
			);
			runOnlyForDeploymentPostprocessing = 0;
		};
		8B3A0B102833D652009A2F84 /* Frameworks */ = {
			isa = PBXFrameworksBuildPhase;
			buildActionMask = 2147483647;
			files = (
				478D0740616A88EB0ECF96D6 /* Pods_KoinzTask_KoinzTaskUITests.framework in Frameworks */,
			);
			runOnlyForDeploymentPostprocessing = 0;
		};
/* End PBXFrameworksBuildPhase section */

/* Begin PBXGroup section */
		8B3A0AEA2833D651009A2F84 = {
			isa = PBXGroup;
			children = (
				8B3A0AF52833D651009A2F84 /* KoinzTask */,
				8B3A0B0C2833D652009A2F84 /* KoinzTaskTests */,
				8B3A0B162833D652009A2F84 /* KoinzTaskUITests */,
				8B3A0AF42833D651009A2F84 /* Products */,
				DC9C3C130E82025A83C49C9A /* Pods */,
				B42C7082CF8A86A88334D6B0 /* Frameworks */,
			);
			sourceTree = "<group>";
		};
		8B3A0AF42833D651009A2F84 /* Products */ = {
			isa = PBXGroup;
			children = (
				8B3A0AF32833D651009A2F84 /* KoinzTask.app */,
				8B3A0B092833D652009A2F84 /* KoinzTaskTests.xctest */,
				8B3A0B132833D652009A2F84 /* KoinzTaskUITests.xctest */,
			);
			name = Products;
			sourceTree = "<group>";
		};
		8B3A0AF52833D651009A2F84 /* KoinzTask */ = {
			isa = PBXGroup;
			children = (
				8B3A0AF62833D651009A2F84 /* AppDelegate.swift */,
				8B3A0AF82833D651009A2F84 /* SceneDelegate.swift */,
				8B3A0AFA2833D651009A2F84 /* ViewController.swift */,
				8B3A0AFC2833D651009A2F84 /* Main.storyboard */,
				8B3A0AFF2833D652009A2F84 /* Assets.xcassets */,
				8B3A0B012833D652009A2F84 /* LaunchScreen.storyboard */,
				8B3A0B042833D652009A2F84 /* Info.plist */,
			);
			path = KoinzTask;
			sourceTree = "<group>";
		};
		8B3A0B0C2833D652009A2F84 /* KoinzTaskTests */ = {
			isa = PBXGroup;
			children = (
				8B3A0B0D2833D652009A2F84 /* KoinzTaskTests.swift */,
			);
			path = KoinzTaskTests;
			sourceTree = "<group>";
		};
		8B3A0B162833D652009A2F84 /* KoinzTaskUITests */ = {
			isa = PBXGroup;
			children = (
				8B3A0B172833D652009A2F84 /* KoinzTaskUITests.swift */,
				8B3A0B192833D652009A2F84 /* KoinzTaskUITestsLaunchTests.swift */,
			);
			path = KoinzTaskUITests;
			sourceTree = "<group>";
		};
		B42C7082CF8A86A88334D6B0 /* Frameworks */ = {
			isa = PBXGroup;
			children = (
				045369A456FAA0BA5051443C /* Pods_KoinzTask.framework */,
				74B53D6D2ABC63101908BDC6 /* Pods_KoinzTask_KoinzTaskUITests.framework */,
				ABF5C443D636FDD0F988F922 /* Pods_KoinzTaskTests.framework */,
			);
			name = Frameworks;
			sourceTree = "<group>";
		};
		DC9C3C130E82025A83C49C9A /* Pods */ = {
			isa = PBXGroup;
			children = (
				8FB722E043983F1531C42AF1 /* Pods-KoinzTask.debug.xcconfig */,
				E024C01AE0DF212CEC982225 /* Pods-KoinzTask.release.xcconfig */,
				5FA880846E381A2A26255E1A /* Pods-KoinzTask-KoinzTaskUITests.debug.xcconfig */,
				928ACA9A95EA71E2ED9B8CD4 /* Pods-KoinzTask-KoinzTaskUITests.release.xcconfig */,
				8407CFBD1604A016DD800099 /* Pods-KoinzTaskTests.debug.xcconfig */,
				99181D2C2646EEA8022CA3E4 /* Pods-KoinzTaskTests.release.xcconfig */,
			);
			name = Pods;
			path = Pods;
			sourceTree = "<group>";
		};
/* End PBXGroup section */

/* Begin PBXNativeTarget section */
		8B3A0AF22833D651009A2F84 /* KoinzTask */ = {
			isa = PBXNativeTarget;
			buildConfigurationList = 8B3A0B1D2833D652009A2F84 /* Build configuration list for PBXNativeTarget "KoinzTask" */;
			buildPhases = (
				F71FEDA28A40D6BF8BA2299A /* [CP] Check Pods Manifest.lock */,
				8B3A0AEF2833D651009A2F84 /* Sources */,
				8B3A0AF02833D651009A2F84 /* Frameworks */,
				8B3A0AF12833D651009A2F84 /* Resources */,
				9889033C2074216A14C2C8ED /* [CP] Embed Pods Frameworks */,
			);
			buildRules = (
			);
			dependencies = (
			);
			name = KoinzTask;
			productName = KoinzTask;
			productReference = 8B3A0AF32833D651009A2F84 /* KoinzTask.app */;
			productType = "com.apple.product-type.application";
		};
		8B3A0B082833D652009A2F84 /* KoinzTaskTests */ = {
			isa = PBXNativeTarget;
			buildConfigurationList = 8B3A0B202833D652009A2F84 /* Build configuration list for PBXNativeTarget "KoinzTaskTests" */;
			buildPhases = (
				39E5ACDD72283060DE6D79B9 /* [CP] Check Pods Manifest.lock */,
				8B3A0B052833D652009A2F84 /* Sources */,
				8B3A0B062833D652009A2F84 /* Frameworks */,
				8B3A0B072833D652009A2F84 /* Resources */,
			);
			buildRules = (
			);
			dependencies = (
				8B3A0B0B2833D652009A2F84 /* PBXTargetDependency */,
			);
			name = KoinzTaskTests;
			productName = KoinzTaskTests;
			productReference = 8B3A0B092833D652009A2F84 /* KoinzTaskTests.xctest */;
			productType = "com.apple.product-type.bundle.unit-test";
		};
		8B3A0B122833D652009A2F84 /* KoinzTaskUITests */ = {
			isa = PBXNativeTarget;
			buildConfigurationList = 8B3A0B232833D652009A2F84 /* Build configuration list for PBXNativeTarget "KoinzTaskUITests" */;
			buildPhases = (
				A9815051693D95BA6A798AD6 /* [CP] Check Pods Manifest.lock */,
				8B3A0B0F2833D652009A2F84 /* Sources */,
				8B3A0B102833D652009A2F84 /* Frameworks */,
				8B3A0B112833D652009A2F84 /* Resources */,
				2136CBA916B05653D1516E21 /* [CP] Embed Pods Frameworks */,
			);
			buildRules = (
			);
			dependencies = (
				8B3A0B152833D652009A2F84 /* PBXTargetDependency */,
			);
			name = KoinzTaskUITests;
			productName = KoinzTaskUITests;
			productReference = 8B3A0B132833D652009A2F84 /* KoinzTaskUITests.xctest */;
			productType = "com.apple.product-type.bundle.ui-testing";
		};
/* End PBXNativeTarget section */

/* Begin PBXProject section */
		8B3A0AEB2833D651009A2F84 /* Project object */ = {
			isa = PBXProject;
			attributes = {
				BuildIndependentTargetsInParallel = 1;
				LastSwiftUpdateCheck = 1330;
				LastUpgradeCheck = 1330;
				TargetAttributes = {
					8B3A0AF22833D651009A2F84 = {
						CreatedOnToolsVersion = 13.3.1;
					};
					8B3A0B082833D652009A2F84 = {
						CreatedOnToolsVersion = 13.3.1;
						TestTargetID = 8B3A0AF22833D651009A2F84;
					};
					8B3A0B122833D652009A2F84 = {
						CreatedOnToolsVersion = 13.3.1;
						TestTargetID = 8B3A0AF22833D651009A2F84;
					};
				};
			};
			buildConfigurationList = 8B3A0AEE2833D651009A2F84 /* Build configuration list for PBXProject "KoinzTask" */;
			compatibilityVersion = "Xcode 13.0";
			developmentRegion = en;
			hasScannedForEncodings = 0;
			knownRegions = (
				en,
				Base,
			);
			mainGroup = 8B3A0AEA2833D651009A2F84;
			productRefGroup = 8B3A0AF42833D651009A2F84 /* Products */;
			projectDirPath = "";
			projectRoot = "";
			targets = (
				8B3A0AF22833D651009A2F84 /* KoinzTask */,
				8B3A0B082833D652009A2F84 /* KoinzTaskTests */,
				8B3A0B122833D652009A2F84 /* KoinzTaskUITests */,
			);
		};
/* End PBXProject section */

/* Begin PBXResourcesBuildPhase section */
		8B3A0AF12833D651009A2F84 /* Resources */ = {
			isa = PBXResourcesBuildPhase;
			buildActionMask = 2147483647;
			files = (
				8B3A0B032833D652009A2F84 /* LaunchScreen.storyboard in Resources */,
				8B3A0B002833D652009A2F84 /* Assets.xcassets in Resources */,
				8B3A0AFE2833D651009A2F84 /* Main.storyboard in Resources */,
			);
			runOnlyForDeploymentPostprocessing = 0;
		};
		8B3A0B072833D652009A2F84 /* Resources */ = {
			isa = PBXResourcesBuildPhase;
			buildActionMask = 2147483647;
			files = (
			);
			runOnlyForDeploymentPostprocessing = 0;
		};
		8B3A0B112833D652009A2F84 /* Resources */ = {
			isa = PBXResourcesBuildPhase;
			buildActionMask = 2147483647;
			files = (
			);
			runOnlyForDeploymentPostprocessing = 0;
		};
/* End PBXResourcesBuildPhase section */

/* Begin PBXShellScriptBuildPhase section */
		2136CBA916B05653D1516E21 /* [CP] Embed Pods Frameworks */ = {
			isa = PBXShellScriptBuildPhase;
			buildActionMask = 2147483647;
			files = (
			);
			inputFileListPaths = (
				"${PODS_ROOT}/Target Support Files/Pods-KoinzTask-KoinzTaskUITests/Pods-KoinzTask-KoinzTaskUITests-frameworks-${CONFIGURATION}-input-files.xcfilelist",
			);
			name = "[CP] Embed Pods Frameworks";
			outputFileListPaths = (
				"${PODS_ROOT}/Target Support Files/Pods-KoinzTask-KoinzTaskUITests/Pods-KoinzTask-KoinzTaskUITests-frameworks-${CONFIGURATION}-output-files.xcfilelist",
			);
			runOnlyForDeploymentPostprocessing = 0;
			shellPath = /bin/sh;
			shellScript = "\"${PODS_ROOT}/Target Support Files/Pods-KoinzTask-KoinzTaskUITests/Pods-KoinzTask-KoinzTaskUITests-frameworks.sh\"\n";
			showEnvVarsInLog = 0;
		};
		39E5ACDD72283060DE6D79B9 /* [CP] Check Pods Manifest.lock */ = {
			isa = PBXShellScriptBuildPhase;
			buildActionMask = 2147483647;
			files = (
			);
			inputFileListPaths = (
			);
			inputPaths = (
				"${PODS_PODFILE_DIR_PATH}/Podfile.lock",
				"${PODS_ROOT}/Manifest.lock",
			);
			name = "[CP] Check Pods Manifest.lock";
			outputFileListPaths = (
			);
			outputPaths = (
				"$(DERIVED_FILE_DIR)/Pods-KoinzTaskTests-checkManifestLockResult.txt",
			);
			runOnlyForDeploymentPostprocessing = 0;
			shellPath = /bin/sh;
			shellScript = "diff \"${PODS_PODFILE_DIR_PATH}/Podfile.lock\" \"${PODS_ROOT}/Manifest.lock\" > /dev/null\nif [ $? != 0 ] ; then\n    # print error to STDERR\n    echo \"error: The sandbox is not in sync with the Podfile.lock. Run 'pod install' or update your CocoaPods installation.\" >&2\n    exit 1\nfi\n# This output is used by Xcode 'outputs' to avoid re-running this script phase.\necho \"SUCCESS\" > \"${SCRIPT_OUTPUT_FILE_0}\"\n";
			showEnvVarsInLog = 0;
		};
		9889033C2074216A14C2C8ED /* [CP] Embed Pods Frameworks */ = {
			isa = PBXShellScriptBuildPhase;
			buildActionMask = 2147483647;
			files = (
			);
			inputFileListPaths = (
				"${PODS_ROOT}/Target Support Files/Pods-KoinzTask/Pods-KoinzTask-frameworks-${CONFIGURATION}-input-files.xcfilelist",
			);
			name = "[CP] Embed Pods Frameworks";
			outputFileListPaths = (
				"${PODS_ROOT}/Target Support Files/Pods-KoinzTask/Pods-KoinzTask-frameworks-${CONFIGURATION}-output-files.xcfilelist",
			);
			runOnlyForDeploymentPostprocessing = 0;
			shellPath = /bin/sh;
			shellScript = "\"${PODS_ROOT}/Target Support Files/Pods-KoinzTask/Pods-KoinzTask-frameworks.sh\"\n";
			showEnvVarsInLog = 0;
		};
		A9815051693D95BA6A798AD6 /* [CP] Check Pods Manifest.lock */ = {
			isa = PBXShellScriptBuildPhase;
			buildActionMask = 2147483647;
			files = (
			);
			inputFileListPaths = (
			);
			inputPaths = (
				"${PODS_PODFILE_DIR_PATH}/Podfile.lock",
				"${PODS_ROOT}/Manifest.lock",
			);
			name = "[CP] Check Pods Manifest.lock";
			outputFileListPaths = (
			);
			outputPaths = (
				"$(DERIVED_FILE_DIR)/Pods-KoinzTask-KoinzTaskUITests-checkManifestLockResult.txt",
			);
			runOnlyForDeploymentPostprocessing = 0;
			shellPath = /bin/sh;
			shellScript = "diff \"${PODS_PODFILE_DIR_PATH}/Podfile.lock\" \"${PODS_ROOT}/Manifest.lock\" > /dev/null\nif [ $? != 0 ] ; then\n    # print error to STDERR\n    echo \"error: The sandbox is not in sync with the Podfile.lock. Run 'pod install' or update your CocoaPods installation.\" >&2\n    exit 1\nfi\n# This output is used by Xcode 'outputs' to avoid re-running this script phase.\necho \"SUCCESS\" > \"${SCRIPT_OUTPUT_FILE_0}\"\n";
			showEnvVarsInLog = 0;
		};
		F71FEDA28A40D6BF8BA2299A /* [CP] Check Pods Manifest.lock */ = {
			isa = PBXShellScriptBuildPhase;
			buildActionMask = 2147483647;
			files = (
			);
			inputFileListPaths = (
			);
			inputPaths = (
				"${PODS_PODFILE_DIR_PATH}/Podfile.lock",
				"${PODS_ROOT}/Manifest.lock",
			);
			name = "[CP] Check Pods Manifest.lock";
			outputFileListPaths = (
			);
			outputPaths = (
				"$(DERIVED_FILE_DIR)/Pods-KoinzTask-checkManifestLockResult.txt",
			);
			runOnlyForDeploymentPostprocessing = 0;
			shellPath = /bin/sh;
			shellScript = "diff \"${PODS_PODFILE_DIR_PATH}/Podfile.lock\" \"${PODS_ROOT}/Manifest.lock\" > /dev/null\nif [ $? != 0 ] ; then\n    # print error to STDERR\n    echo \"error: The sandbox is not in sync with the Podfile.lock. Run 'pod install' or update your CocoaPods installation.\" >&2\n    exit 1\nfi\n# This output is used by Xcode 'outputs' to avoid re-running this script phase.\necho \"SUCCESS\" > \"${SCRIPT_OUTPUT_FILE_0}\"\n";
			showEnvVarsInLog = 0;
		};
/* End PBXShellScriptBuildPhase section */

/* Begin PBXSourcesBuildPhase section */
		8B3A0AEF2833D651009A2F84 /* Sources */ = {
			isa = PBXSourcesBuildPhase;
			buildActionMask = 2147483647;
			files = (
				8B3A0AFB2833D651009A2F84 /* ViewController.swift in Sources */,
				8B3A0AF72833D651009A2F84 /* AppDelegate.swift in Sources */,
				8B3A0AF92833D651009A2F84 /* SceneDelegate.swift in Sources */,
			);
			runOnlyForDeploymentPostprocessing = 0;
		};
		8B3A0B052833D652009A2F84 /* Sources */ = {
			isa = PBXSourcesBuildPhase;
			buildActionMask = 2147483647;
			files = (
				8B3A0B0E2833D652009A2F84 /* KoinzTaskTests.swift in Sources */,
			);
			runOnlyForDeploymentPostprocessing = 0;
		};
		8B3A0B0F2833D652009A2F84 /* Sources */ = {
			isa = PBXSourcesBuildPhase;
			buildActionMask = 2147483647;
			files = (
				8B3A0B182833D652009A2F84 /* KoinzTaskUITests.swift in Sources */,
				8B3A0B1A2833D652009A2F84 /* KoinzTaskUITestsLaunchTests.swift in Sources */,
			);
			runOnlyForDeploymentPostprocessing = 0;
		};
/* End PBXSourcesBuildPhase section */

/* Begin PBXTargetDependency section */
		8B3A0B0B2833D652009A2F84 /* PBXTargetDependency */ = {
			isa = PBXTargetDependency;
			target = 8B3A0AF22833D651009A2F84 /* KoinzTask */;
			targetProxy = 8B3A0B0A2833D652009A2F84 /* PBXContainerItemProxy */;
		};
		8B3A0B152833D652009A2F84 /* PBXTargetDependency */ = {
			isa = PBXTargetDependency;
			target = 8B3A0AF22833D651009A2F84 /* KoinzTask */;
			targetProxy = 8B3A0B142833D652009A2F84 /* PBXContainerItemProxy */;
		};
/* End PBXTargetDependency section */

/* Begin PBXVariantGroup section */
		8B3A0AFC2833D651009A2F84 /* Main.storyboard */ = {
			isa = PBXVariantGroup;
			children = (
				8B3A0AFD2833D651009A2F84 /* Base */,
			);
			name = Main.storyboard;
			sourceTree = "<group>";
		};
		8B3A0B012833D652009A2F84 /* LaunchScreen.storyboard */ = {
			isa = PBXVariantGroup;
			children = (
				8B3A0B022833D652009A2F84 /* Base */,
			);
			name = LaunchScreen.storyboard;
			sourceTree = "<group>";
		};
/* End PBXVariantGroup section */

/* Begin XCBuildConfiguration section */
		8B3A0B1B2833D652009A2F84 /* Debug */ = {
			isa = XCBuildConfiguration;
			buildSettings = {
				ALWAYS_SEARCH_USER_PATHS = NO;
				CLANG_ANALYZER_NONNULL = YES;
				CLANG_ANALYZER_NUMBER_OBJECT_CONVERSION = YES_AGGRESSIVE;
				CLANG_CXX_LANGUAGE_STANDARD = "gnu++17";
				CLANG_ENABLE_MODULES = YES;
				CLANG_ENABLE_OBJC_ARC = YES;
				CLANG_ENABLE_OBJC_WEAK = YES;
				CLANG_WARN_BLOCK_CAPTURE_AUTORELEASING = YES;
				CLANG_WARN_BOOL_CONVERSION = YES;
				CLANG_WARN_COMMA = YES;
				CLANG_WARN_CONSTANT_CONVERSION = YES;
				CLANG_WARN_DEPRECATED_OBJC_IMPLEMENTATIONS = YES;
				CLANG_WARN_DIRECT_OBJC_ISA_USAGE = YES_ERROR;
				CLANG_WARN_DOCUMENTATION_COMMENTS = YES;
				CLANG_WARN_EMPTY_BODY = YES;
				CLANG_WARN_ENUM_CONVERSION = YES;
				CLANG_WARN_INFINITE_RECURSION = YES;
				CLANG_WARN_INT_CONVERSION = YES;
				CLANG_WARN_NON_LITERAL_NULL_CONVERSION = YES;
				CLANG_WARN_OBJC_IMPLICIT_RETAIN_SELF = YES;
				CLANG_WARN_OBJC_LITERAL_CONVERSION = YES;
				CLANG_WARN_OBJC_ROOT_CLASS = YES_ERROR;
				CLANG_WARN_QUOTED_INCLUDE_IN_FRAMEWORK_HEADER = YES;
				CLANG_WARN_RANGE_LOOP_ANALYSIS = YES;
				CLANG_WARN_STRICT_PROTOTYPES = YES;
				CLANG_WARN_SUSPICIOUS_MOVE = YES;
				CLANG_WARN_UNGUARDED_AVAILABILITY = YES_AGGRESSIVE;
				CLANG_WARN_UNREACHABLE_CODE = YES;
				CLANG_WARN__DUPLICATE_METHOD_MATCH = YES;
				COPY_PHASE_STRIP = NO;
				DEBUG_INFORMATION_FORMAT = dwarf;
				ENABLE_STRICT_OBJC_MSGSEND = YES;
				ENABLE_TESTABILITY = YES;
				GCC_C_LANGUAGE_STANDARD = gnu11;
				GCC_DYNAMIC_NO_PIC = NO;
				GCC_NO_COMMON_BLOCKS = YES;
				GCC_OPTIMIZATION_LEVEL = 0;
				GCC_PREPROCESSOR_DEFINITIONS = (
					"DEBUG=1",
					"$(inherited)",
				);
				GCC_WARN_64_TO_32_BIT_CONVERSION = YES;
				GCC_WARN_ABOUT_RETURN_TYPE = YES_ERROR;
				GCC_WARN_UNDECLARED_SELECTOR = YES;
				GCC_WARN_UNINITIALIZED_AUTOS = YES_AGGRESSIVE;
				GCC_WARN_UNUSED_FUNCTION = YES;
				GCC_WARN_UNUSED_VARIABLE = YES;
				IPHONEOS_DEPLOYMENT_TARGET = 15.4;
				MTL_ENABLE_DEBUG_INFO = INCLUDE_SOURCE;
				MTL_FAST_MATH = YES;
				ONLY_ACTIVE_ARCH = YES;
				SDKROOT = iphoneos;
				SWIFT_ACTIVE_COMPILATION_CONDITIONS = DEBUG;
				SWIFT_OPTIMIZATION_LEVEL = "-Onone";
			};
			name = Debug;
		};
		8B3A0B1C2833D652009A2F84 /* Release */ = {
			isa = XCBuildConfiguration;
			buildSettings = {
				ALWAYS_SEARCH_USER_PATHS = NO;
				CLANG_ANALYZER_NONNULL = YES;
				CLANG_ANALYZER_NUMBER_OBJECT_CONVERSION = YES_AGGRESSIVE;
				CLANG_CXX_LANGUAGE_STANDARD = "gnu++17";
				CLANG_ENABLE_MODULES = YES;
				CLANG_ENABLE_OBJC_ARC = YES;
				CLANG_ENABLE_OBJC_WEAK = YES;
				CLANG_WARN_BLOCK_CAPTURE_AUTORELEASING = YES;
				CLANG_WARN_BOOL_CONVERSION = YES;
				CLANG_WARN_COMMA = YES;
				CLANG_WARN_CONSTANT_CONVERSION = YES;
				CLANG_WARN_DEPRECATED_OBJC_IMPLEMENTATIONS = YES;
				CLANG_WARN_DIRECT_OBJC_ISA_USAGE = YES_ERROR;
				CLANG_WARN_DOCUMENTATION_COMMENTS = YES;
				CLANG_WARN_EMPTY_BODY = YES;
				CLANG_WARN_ENUM_CONVERSION = YES;
				CLANG_WARN_INFINITE_RECURSION = YES;
				CLANG_WARN_INT_CONVERSION = YES;
				CLANG_WARN_NON_LITERAL_NULL_CONVERSION = YES;
				CLANG_WARN_OBJC_IMPLICIT_RETAIN_SELF = YES;
				CLANG_WARN_OBJC_LITERAL_CONVERSION = YES;
				CLANG_WARN_OBJC_ROOT_CLASS = YES_ERROR;
				CLANG_WARN_QUOTED_INCLUDE_IN_FRAMEWORK_HEADER = YES;
				CLANG_WARN_RANGE_LOOP_ANALYSIS = YES;
				CLANG_WARN_STRICT_PROTOTYPES = YES;
				CLANG_WARN_SUSPICIOUS_MOVE = YES;
				CLANG_WARN_UNGUARDED_AVAILABILITY = YES_AGGRESSIVE;
				CLANG_WARN_UNREACHABLE_CODE = YES;
				CLANG_WARN__DUPLICATE_METHOD_MATCH = YES;
				COPY_PHASE_STRIP = NO;
				DEBUG_INFORMATION_FORMAT = "dwarf-with-dsym";
				ENABLE_NS_ASSERTIONS = NO;
				ENABLE_STRICT_OBJC_MSGSEND = YES;
				GCC_C_LANGUAGE_STANDARD = gnu11;
				GCC_NO_COMMON_BLOCKS = YES;
				GCC_WARN_64_TO_32_BIT_CONVERSION = YES;
				GCC_WARN_ABOUT_RETURN_TYPE = YES_ERROR;
				GCC_WARN_UNDECLARED_SELECTOR = YES;
				GCC_WARN_UNINITIALIZED_AUTOS = YES_AGGRESSIVE;
				GCC_WARN_UNUSED_FUNCTION = YES;
				GCC_WARN_UNUSED_VARIABLE = YES;
				IPHONEOS_DEPLOYMENT_TARGET = 15.4;
				MTL_ENABLE_DEBUG_INFO = NO;
				MTL_FAST_MATH = YES;
				SDKROOT = iphoneos;
				SWIFT_COMPILATION_MODE = wholemodule;
				SWIFT_OPTIMIZATION_LEVEL = "-O";
				VALIDATE_PRODUCT = YES;
			};
			name = Release;
		};
		8B3A0B1E2833D652009A2F84 /* Debug */ = {
			isa = XCBuildConfiguration;
			baseConfigurationReference = 8FB722E043983F1531C42AF1 /* Pods-KoinzTask.debug.xcconfig */;
			buildSettings = {
				ASSETCATALOG_COMPILER_APPICON_NAME = AppIcon;
				ASSETCATALOG_COMPILER_GLOBAL_ACCENT_COLOR_NAME = AccentColor;
				CODE_SIGN_STYLE = Automatic;
				CURRENT_PROJECT_VERSION = 1;
				DEVELOPMENT_TEAM = A6AMFR9VNT;
				GENERATE_INFOPLIST_FILE = YES;
				INFOPLIST_FILE = KoinzTask/Info.plist;
				INFOPLIST_KEY_UIApplicationSupportsIndirectInputEvents = YES;
				INFOPLIST_KEY_UILaunchStoryboardName = LaunchScreen;
				INFOPLIST_KEY_UIMainStoryboardFile = Main;
				INFOPLIST_KEY_UISupportedInterfaceOrientations_iPad = "UIInterfaceOrientationPortrait UIInterfaceOrientationPortraitUpsideDown UIInterfaceOrientationLandscapeLeft UIInterfaceOrientationLandscapeRight";
				INFOPLIST_KEY_UISupportedInterfaceOrientations_iPhone = "UIInterfaceOrientationPortrait UIInterfaceOrientationLandscapeLeft UIInterfaceOrientationLandscapeRight";
				IPHONEOS_DEPLOYMENT_TARGET = 12.0;
				LD_RUNPATH_SEARCH_PATHS = (
					"$(inherited)",
					"@executable_path/Frameworks",
				);
				MARKETING_VERSION = 1.0;
				PRODUCT_BUNDLE_IDENTIFIER = com.engks.osama.KoinzTask;
				PRODUCT_NAME = "$(TARGET_NAME)";
				SWIFT_EMIT_LOC_STRINGS = YES;
				SWIFT_VERSION = 5.0;
				TARGETED_DEVICE_FAMILY = 1;
			};
			name = Debug;
		};
		8B3A0B1F2833D652009A2F84 /* Release */ = {
			isa = XCBuildConfiguration;
			baseConfigurationReference = E024C01AE0DF212CEC982225 /* Pods-KoinzTask.release.xcconfig */;
			buildSettings = {
				ASSETCATALOG_COMPILER_APPICON_NAME = AppIcon;
				ASSETCATALOG_COMPILER_GLOBAL_ACCENT_COLOR_NAME = AccentColor;
				CODE_SIGN_STYLE = Automatic;
				CURRENT_PROJECT_VERSION = 1;
				DEVELOPMENT_TEAM = A6AMFR9VNT;
				GENERATE_INFOPLIST_FILE = YES;
				INFOPLIST_FILE = KoinzTask/Info.plist;
				INFOPLIST_KEY_UIApplicationSupportsIndirectInputEvents = YES;
				INFOPLIST_KEY_UILaunchStoryboardName = LaunchScreen;
				INFOPLIST_KEY_UIMainStoryboardFile = Main;
				INFOPLIST_KEY_UISupportedInterfaceOrientations_iPad = "UIInterfaceOrientationPortrait UIInterfaceOrientationPortraitUpsideDown UIInterfaceOrientationLandscapeLeft UIInterfaceOrientationLandscapeRight";
				INFOPLIST_KEY_UISupportedInterfaceOrientations_iPhone = "UIInterfaceOrientationPortrait UIInterfaceOrientationLandscapeLeft UIInterfaceOrientationLandscapeRight";
				IPHONEOS_DEPLOYMENT_TARGET = 12.0;
				LD_RUNPATH_SEARCH_PATHS = (
					"$(inherited)",
					"@executable_path/Frameworks",
				);
				MARKETING_VERSION = 1.0;
				PRODUCT_BUNDLE_IDENTIFIER = com.engks.osama.KoinzTask;
				PRODUCT_NAME = "$(TARGET_NAME)";
				SWIFT_EMIT_LOC_STRINGS = YES;
				SWIFT_VERSION = 5.0;
				TARGETED_DEVICE_FAMILY = 1;
			};
			name = Release;
		};
		8B3A0B212833D652009A2F84 /* Debug */ = {
			isa = XCBuildConfiguration;
			baseConfigurationReference = 8407CFBD1604A016DD800099 /* Pods-KoinzTaskTests.debug.xcconfig */;
			buildSettings = {
				ALWAYS_EMBED_SWIFT_STANDARD_LIBRARIES = YES;
				BUNDLE_LOADER = "$(TEST_HOST)";
				CODE_SIGN_STYLE = Automatic;
				CURRENT_PROJECT_VERSION = 1;
				DEVELOPMENT_TEAM = A6AMFR9VNT;
				GENERATE_INFOPLIST_FILE = YES;
				IPHONEOS_DEPLOYMENT_TARGET = 15.4;
				MARKETING_VERSION = 1.0;
				PRODUCT_BUNDLE_IDENTIFIER = com.engks.osama.KoinzTaskTests;
				PRODUCT_NAME = "$(TARGET_NAME)";
				SWIFT_EMIT_LOC_STRINGS = NO;
				SWIFT_VERSION = 5.0;
				TARGETED_DEVICE_FAMILY = "1,2";
				TEST_HOST = "$(BUILT_PRODUCTS_DIR)/KoinzTask.app/KoinzTask";
			};
			name = Debug;
		};
		8B3A0B222833D652009A2F84 /* Release */ = {
			isa = XCBuildConfiguration;
			baseConfigurationReference = 99181D2C2646EEA8022CA3E4 /* Pods-KoinzTaskTests.release.xcconfig */;
			buildSettings = {
				ALWAYS_EMBED_SWIFT_STANDARD_LIBRARIES = YES;
				BUNDLE_LOADER = "$(TEST_HOST)";
				CODE_SIGN_STYLE = Automatic;
				CURRENT_PROJECT_VERSION = 1;
				DEVELOPMENT_TEAM = A6AMFR9VNT;
				GENERATE_INFOPLIST_FILE = YES;
				IPHONEOS_DEPLOYMENT_TARGET = 15.4;
				MARKETING_VERSION = 1.0;
				PRODUCT_BUNDLE_IDENTIFIER = com.engks.osama.KoinzTaskTests;
				PRODUCT_NAME = "$(TARGET_NAME)";
				SWIFT_EMIT_LOC_STRINGS = NO;
				SWIFT_VERSION = 5.0;
				TARGETED_DEVICE_FAMILY = "1,2";
				TEST_HOST = "$(BUILT_PRODUCTS_DIR)/KoinzTask.app/KoinzTask";
			};
			name = Release;
		};
		8B3A0B242833D652009A2F84 /* Debug */ = {
			isa = XCBuildConfiguration;
			baseConfigurationReference = 5FA880846E381A2A26255E1A /* Pods-KoinzTask-KoinzTaskUITests.debug.xcconfig */;
			buildSettings = {
				ALWAYS_EMBED_SWIFT_STANDARD_LIBRARIES = YES;
				CODE_SIGN_STYLE = Automatic;
				CURRENT_PROJECT_VERSION = 1;
				DEVELOPMENT_TEAM = A6AMFR9VNT;
				GENERATE_INFOPLIST_FILE = YES;
				MARKETING_VERSION = 1.0;
				PRODUCT_BUNDLE_IDENTIFIER = com.engks.osama.KoinzTaskUITests;
				PRODUCT_NAME = "$(TARGET_NAME)";
				SWIFT_EMIT_LOC_STRINGS = NO;
				SWIFT_VERSION = 5.0;
				TARGETED_DEVICE_FAMILY = "1,2";
				TEST_TARGET_NAME = KoinzTask;
			};
			name = Debug;
		};
		8B3A0B252833D652009A2F84 /* Release */ = {
			isa = XCBuildConfiguration;
			baseConfigurationReference = 928ACA9A95EA71E2ED9B8CD4 /* Pods-KoinzTask-KoinzTaskUITests.release.xcconfig */;
			buildSettings = {
				ALWAYS_EMBED_SWIFT_STANDARD_LIBRARIES = YES;
				CODE_SIGN_STYLE = Automatic;
				CURRENT_PROJECT_VERSION = 1;
				DEVELOPMENT_TEAM = A6AMFR9VNT;
				GENERATE_INFOPLIST_FILE = YES;
				MARKETING_VERSION = 1.0;
				PRODUCT_BUNDLE_IDENTIFIER = com.engks.osama.KoinzTaskUITests;
				PRODUCT_NAME = "$(TARGET_NAME)";
				SWIFT_EMIT_LOC_STRINGS = NO;
				SWIFT_VERSION = 5.0;
				TARGETED_DEVICE_FAMILY = "1,2";
				TEST_TARGET_NAME = KoinzTask;
			};
			name = Release;
		};
/* End XCBuildConfiguration section */

/* Begin XCConfigurationList section */
		8B3A0AEE2833D651009A2F84 /* Build configuration list for PBXProject "KoinzTask" */ = {
			isa = XCConfigurationList;
			buildConfigurations = (
				8B3A0B1B2833D652009A2F84 /* Debug */,
				8B3A0B1C2833D652009A2F84 /* Release */,
			);
			defaultConfigurationIsVisible = 0;
			defaultConfigurationName = Release;
		};
		8B3A0B1D2833D652009A2F84 /* Build configuration list for PBXNativeTarget "KoinzTask" */ = {
			isa = XCConfigurationList;
			buildConfigurations = (
				8B3A0B1E2833D652009A2F84 /* Debug */,
				8B3A0B1F2833D652009A2F84 /* Release */,
			);
			defaultConfigurationIsVisible = 0;
			defaultConfigurationName = Release;
		};
		8B3A0B202833D652009A2F84 /* Build configuration list for PBXNativeTarget "KoinzTaskTests" */ = {
			isa = XCConfigurationList;
			buildConfigurations = (
				8B3A0B212833D652009A2F84 /* Debug */,
				8B3A0B222833D652009A2F84 /* Release */,
			);
			defaultConfigurationIsVisible = 0;
			defaultConfigurationName = Release;
		};
		8B3A0B232833D652009A2F84 /* Build configuration list for PBXNativeTarget "KoinzTaskUITests" */ = {
			isa = XCConfigurationList;
			buildConfigurations = (
				8B3A0B242833D652009A2F84 /* Debug */,
				8B3A0B252833D652009A2F84 /* Release */,
			);
			defaultConfigurationIsVisible = 0;
			defaultConfigurationName = Release;
		};
/* End XCConfigurationList section */
	};
	rootObject = 8B3A0AEB2833D651009A2F84 /* Project object */;
}
